// !$*UTF8*$!
{
	archiveVersion = 1;
	classes = {
	};
	objectVersion = 46;
	objects = {

/* Begin PBXBuildFile section */
		19F0829297F5B0FF772AAB6F /* Pods_CruzSortMeAppUITests.framework in Frameworks */ = {isa = PBXBuildFile; fileRef = 4DD60681A14B8F297E6D7C5A /* Pods_CruzSortMeAppUITests.framework */; };
		2483D3C3DE8AB9A9B616A3B9 /* Pods_CruzSortMeApp.framework in Frameworks */ = {isa = PBXBuildFile; fileRef = B3C4BBA4EE1C8C6014CD45BD /* Pods_CruzSortMeApp.framework */; };
		8421386B1E234ADB00A44646 /* CommonClass.swift in Sources */ = {isa = PBXBuildFile; fileRef = 8421386A1E234ADB00A44646 /* CommonClass.swift */; };
		8421386D1E234AEF00A44646 /* Validator.swift in Sources */ = {isa = PBXBuildFile; fileRef = 8421386C1E234AEF00A44646 /* Validator.swift */; };
		8421386F1E234B2C00A44646 /* Config.swift in Sources */ = {isa = PBXBuildFile; fileRef = 8421386E1E234B2C00A44646 /* Config.swift */; };
		842138721E23619300A44646 /* krish.png in Resources */ = {isa = PBXBuildFile; fileRef = 842138711E23619200A44646 /* krish.png */; };
		842EF8741E1F5D610079EB2D /* SignUpViewController.swift in Sources */ = {isa = PBXBuildFile; fileRef = 842EF8731E1F5D610079EB2D /* SignUpViewController.swift */; };
		842EF8761E1FB4190079EB2D /* Alamofire.framework in Frameworks */ = {isa = PBXBuildFile; fileRef = 842EF8751E1FB4190079EB2D /* Alamofire.framework */; };
		842EF8781E1FB4210079EB2D /* SwiftyJSON.framework in Frameworks */ = {isa = PBXBuildFile; fileRef = 842EF8771E1FB4210079EB2D /* SwiftyJSON.framework */; };
		842EF87A1E1FB4620079EB2D /* Alamofire.framework in Embed Frameworks */ = {isa = PBXBuildFile; fileRef = 842EF8751E1FB4190079EB2D /* Alamofire.framework */; settings = {ATTRIBUTES = (CodeSignOnCopy, RemoveHeadersOnCopy, ); }; };
		844D90351E14D391002684BA /* AppDelegate.swift in Sources */ = {isa = PBXBuildFile; fileRef = 844D90341E14D391002684BA /* AppDelegate.swift */; };
		844D90371E14D391002684BA /* ViewController.swift in Sources */ = {isa = PBXBuildFile; fileRef = 844D90361E14D391002684BA /* ViewController.swift */; };
		844D903A1E14D391002684BA /* Main.storyboard in Resources */ = {isa = PBXBuildFile; fileRef = 844D90381E14D391002684BA /* Main.storyboard */; };
		844D903D1E14D391002684BA /* CruzSortMeApp.xcdatamodeld in Sources */ = {isa = PBXBuildFile; fileRef = 844D903B1E14D391002684BA /* CruzSortMeApp.xcdatamodeld */; };
		844D903F1E14D391002684BA /* Assets.xcassets in Resources */ = {isa = PBXBuildFile; fileRef = 844D903E1E14D391002684BA /* Assets.xcassets */; };
		844D90421E14D391002684BA /* LaunchScreen.storyboard in Resources */ = {isa = PBXBuildFile; fileRef = 844D90401E14D391002684BA /* LaunchScreen.storyboard */; };
		844D904D1E14D391002684BA /* CruzSortMeAppTests.swift in Sources */ = {isa = PBXBuildFile; fileRef = 844D904C1E14D391002684BA /* CruzSortMeAppTests.swift */; };
		844D90581E14D391002684BA /* CruzSortMeAppUITests.swift in Sources */ = {isa = PBXBuildFile; fileRef = 844D90571E14D391002684BA /* CruzSortMeAppUITests.swift */; };
		84EF9A1C1E1E64CD000E33A6 /* ForgetPasswordViewController.swift in Sources */ = {isa = PBXBuildFile; fileRef = 84EF9A1B1E1E64CD000E33A6 /* ForgetPasswordViewController.swift */; };
		BC9C4E4EB1D5CBDC13D475CD /* Pods_CruzSortMeAppTests.framework in Frameworks */ = {isa = PBXBuildFile; fileRef = D8178AB875D723DEE2E6DDB8 /* Pods_CruzSortMeAppTests.framework */; };
/* End PBXBuildFile section */

/* Begin PBXContainerItemProxy section */
		844D90491E14D391002684BA /* PBXContainerItemProxy */ = {
			isa = PBXContainerItemProxy;
			containerPortal = 844D90291E14D390002684BA /* Project object */;
			proxyType = 1;
			remoteGlobalIDString = 844D90301E14D390002684BA;
			remoteInfo = CruzSortMeApp;
		};
		844D90541E14D391002684BA /* PBXContainerItemProxy */ = {
			isa = PBXContainerItemProxy;
			containerPortal = 844D90291E14D390002684BA /* Project object */;
			proxyType = 1;
			remoteGlobalIDString = 844D90301E14D390002684BA;
			remoteInfo = CruzSortMeApp;
		};
/* End PBXContainerItemProxy section */

/* Begin PBXCopyFilesBuildPhase section */
		842EF87B1E1FB4620079EB2D /* Embed Frameworks */ = {
			isa = PBXCopyFilesBuildPhase;
			buildActionMask = 2147483647;
			dstPath = "";
			dstSubfolderSpec = 10;
			files = (
				842EF87A1E1FB4620079EB2D /* Alamofire.framework in Embed Frameworks */,
			);
			name = "Embed Frameworks";
			runOnlyForDeploymentPostprocessing = 0;
		};
/* End PBXCopyFilesBuildPhase section */

/* Begin PBXFileReference section */
		24044ECDF78D80663A24FAEC /* Pods-CruzSortMeAppTests.release.xcconfig */ = {isa = PBXFileReference; includeInIndex = 1; lastKnownFileType = text.xcconfig; name = "Pods-CruzSortMeAppTests.release.xcconfig"; path = "Pods/Target Support Files/Pods-CruzSortMeAppTests/Pods-CruzSortMeAppTests.release.xcconfig"; sourceTree = "<group>"; };
		3F6A47A73BF1E8A92FA8BF5F /* Pods-CruzSortMeApp.release.xcconfig */ = {isa = PBXFileReference; includeInIndex = 1; lastKnownFileType = text.xcconfig; name = "Pods-CruzSortMeApp.release.xcconfig"; path = "Pods/Target Support Files/Pods-CruzSortMeApp/Pods-CruzSortMeApp.release.xcconfig"; sourceTree = "<group>"; };
		4DD60681A14B8F297E6D7C5A /* Pods_CruzSortMeAppUITests.framework */ = {isa = PBXFileReference; explicitFileType = wrapper.framework; includeInIndex = 0; path = Pods_CruzSortMeAppUITests.framework; sourceTree = BUILT_PRODUCTS_DIR; };
		4F13DDE74F1B6A798AF83012 /* Pods-CruzSortMeAppUITests.debug.xcconfig */ = {isa = PBXFileReference; includeInIndex = 1; lastKnownFileType = text.xcconfig; name = "Pods-CruzSortMeAppUITests.debug.xcconfig"; path = "Pods/Target Support Files/Pods-CruzSortMeAppUITests/Pods-CruzSortMeAppUITests.debug.xcconfig"; sourceTree = "<group>"; };
		6CE0EB4EF675A31C9909DBF5 /* Pods-CruzSortMeAppUITests.release.xcconfig */ = {isa = PBXFileReference; includeInIndex = 1; lastKnownFileType = text.xcconfig; name = "Pods-CruzSortMeAppUITests.release.xcconfig"; path = "Pods/Target Support Files/Pods-CruzSortMeAppUITests/Pods-CruzSortMeAppUITests.release.xcconfig"; sourceTree = "<group>"; };
		8421386A1E234ADB00A44646 /* CommonClass.swift */ = {isa = PBXFileReference; fileEncoding = 4; lastKnownFileType = sourcecode.swift; path = CommonClass.swift; sourceTree = "<group>"; };
		8421386C1E234AEF00A44646 /* Validator.swift */ = {isa = PBXFileReference; fileEncoding = 4; lastKnownFileType = sourcecode.swift; path = Validator.swift; sourceTree = "<group>"; };
		8421386E1E234B2C00A44646 /* Config.swift */ = {isa = PBXFileReference; fileEncoding = 4; lastKnownFileType = sourcecode.swift; path = Config.swift; sourceTree = "<group>"; };
		842138711E23619200A44646 /* krish.png */ = {isa = PBXFileReference; lastKnownFileType = image.png; path = krish.png; sourceTree = "<group>"; };
		842EF8731E1F5D610079EB2D /* SignUpViewController.swift */ = {isa = PBXFileReference; fileEncoding = 4; lastKnownFileType = sourcecode.swift; path = SignUpViewController.swift; sourceTree = "<group>"; };
		842EF8751E1FB4190079EB2D /* Alamofire.framework */ = {isa = PBXFileReference; lastKnownFileType = wrapper.framework; name = Alamofire.framework; path = "../../Library/Developer/Xcode/DerivedData/CruzSortMeApp-hjufrmbipvodiafhfvgddeiqmpsr/Build/Products/Debug-iphonesimulator/Alamofire/Alamofire.framework"; sourceTree = "<group>"; };
		842EF8771E1FB4210079EB2D /* SwiftyJSON.framework */ = {isa = PBXFileReference; lastKnownFileType = wrapper.framework; name = SwiftyJSON.framework; path = "../../Library/Developer/Xcode/DerivedData/CruzSortMeApp-hjufrmbipvodiafhfvgddeiqmpsr/Build/Products/Debug-iphonesimulator/SwiftyJSON/SwiftyJSON.framework"; sourceTree = "<group>"; };
		844D90311E14D390002684BA /* CruzSortMeApp.app */ = {isa = PBXFileReference; explicitFileType = wrapper.application; includeInIndex = 0; path = CruzSortMeApp.app; sourceTree = BUILT_PRODUCTS_DIR; };
		844D90341E14D391002684BA /* AppDelegate.swift */ = {isa = PBXFileReference; lastKnownFileType = sourcecode.swift; path = AppDelegate.swift; sourceTree = "<group>"; };
		844D90361E14D391002684BA /* ViewController.swift */ = {isa = PBXFileReference; lastKnownFileType = sourcecode.swift; path = ViewController.swift; sourceTree = "<group>"; };
		844D90391E14D391002684BA /* Base */ = {isa = PBXFileReference; lastKnownFileType = file.storyboard; name = Base; path = Base.lproj/Main.storyboard; sourceTree = "<group>"; };
		844D903C1E14D391002684BA /* CruzSortMeApp.xcdatamodel */ = {isa = PBXFileReference; lastKnownFileType = wrapper.xcdatamodel; path = CruzSortMeApp.xcdatamodel; sourceTree = "<group>"; };
		844D903E1E14D391002684BA /* Assets.xcassets */ = {isa = PBXFileReference; lastKnownFileType = folder.assetcatalog; path = Assets.xcassets; sourceTree = "<group>"; };
		844D90411E14D391002684BA /* Base */ = {isa = PBXFileReference; lastKnownFileType = file.storyboard; name = Base; path = Base.lproj/LaunchScreen.storyboard; sourceTree = "<group>"; };
		844D90431E14D391002684BA /* Info.plist */ = {isa = PBXFileReference; lastKnownFileType = text.plist.xml; path = Info.plist; sourceTree = "<group>"; };
		844D90481E14D391002684BA /* CruzSortMeAppTests.xctest */ = {isa = PBXFileReference; explicitFileType = wrapper.cfbundle; includeInIndex = 0; path = CruzSortMeAppTests.xctest; sourceTree = BUILT_PRODUCTS_DIR; };
		844D904C1E14D391002684BA /* CruzSortMeAppTests.swift */ = {isa = PBXFileReference; lastKnownFileType = sourcecode.swift; path = CruzSortMeAppTests.swift; sourceTree = "<group>"; };
		844D904E1E14D391002684BA /* Info.plist */ = {isa = PBXFileReference; lastKnownFileType = text.plist.xml; path = Info.plist; sourceTree = "<group>"; };
		844D90531E14D391002684BA /* CruzSortMeAppUITests.xctest */ = {isa = PBXFileReference; explicitFileType = wrapper.cfbundle; includeInIndex = 0; path = CruzSortMeAppUITests.xctest; sourceTree = BUILT_PRODUCTS_DIR; };
		844D90571E14D391002684BA /* CruzSortMeAppUITests.swift */ = {isa = PBXFileReference; lastKnownFileType = sourcecode.swift; path = CruzSortMeAppUITests.swift; sourceTree = "<group>"; };
		844D90591E14D391002684BA /* Info.plist */ = {isa = PBXFileReference; lastKnownFileType = text.plist.xml; path = Info.plist; sourceTree = "<group>"; };
		84EF9A1B1E1E64CD000E33A6 /* ForgetPasswordViewController.swift */ = {isa = PBXFileReference; fileEncoding = 4; lastKnownFileType = sourcecode.swift; path = ForgetPasswordViewController.swift; sourceTree = "<group>"; };
		A225756BD8285E7956009A69 /* Pods-CruzSortMeAppTests.debug.xcconfig */ = {isa = PBXFileReference; includeInIndex = 1; lastKnownFileType = text.xcconfig; name = "Pods-CruzSortMeAppTests.debug.xcconfig"; path = "Pods/Target Support Files/Pods-CruzSortMeAppTests/Pods-CruzSortMeAppTests.debug.xcconfig"; sourceTree = "<group>"; };
		B3C4BBA4EE1C8C6014CD45BD /* Pods_CruzSortMeApp.framework */ = {isa = PBXFileReference; explicitFileType = wrapper.framework; includeInIndex = 0; path = Pods_CruzSortMeApp.framework; sourceTree = BUILT_PRODUCTS_DIR; };
		D8178AB875D723DEE2E6DDB8 /* Pods_CruzSortMeAppTests.framework */ = {isa = PBXFileReference; explicitFileType = wrapper.framework; includeInIndex = 0; path = Pods_CruzSortMeAppTests.framework; sourceTree = BUILT_PRODUCTS_DIR; };
		E004CC5C9764C5CCB3558FE9 /* Pods-CruzSortMeApp.debug.xcconfig */ = {isa = PBXFileReference; includeInIndex = 1; lastKnownFileType = text.xcconfig; name = "Pods-CruzSortMeApp.debug.xcconfig"; path = "Pods/Target Support Files/Pods-CruzSortMeApp/Pods-CruzSortMeApp.debug.xcconfig"; sourceTree = "<group>"; };
/* End PBXFileReference section */

/* Begin PBXFrameworksBuildPhase section */
		844D902E1E14D390002684BA /* Frameworks */ = {
			isa = PBXFrameworksBuildPhase;
			buildActionMask = 2147483647;
			files = (
				842EF8781E1FB4210079EB2D /* SwiftyJSON.framework in Frameworks */,
				842EF8761E1FB4190079EB2D /* Alamofire.framework in Frameworks */,
				2483D3C3DE8AB9A9B616A3B9 /* Pods_CruzSortMeApp.framework in Frameworks */,
			);
			runOnlyForDeploymentPostprocessing = 0;
		};
		844D90451E14D391002684BA /* Frameworks */ = {
			isa = PBXFrameworksBuildPhase;
			buildActionMask = 2147483647;
			files = (
				BC9C4E4EB1D5CBDC13D475CD /* Pods_CruzSortMeAppTests.framework in Frameworks */,
			);
			runOnlyForDeploymentPostprocessing = 0;
		};
		844D90501E14D391002684BA /* Frameworks */ = {
			isa = PBXFrameworksBuildPhase;
			buildActionMask = 2147483647;
			files = (
				19F0829297F5B0FF772AAB6F /* Pods_CruzSortMeAppUITests.framework in Frameworks */,
			);
			runOnlyForDeploymentPostprocessing = 0;
		};
/* End PBXFrameworksBuildPhase section */

/* Begin PBXGroup section */
		4509CB696858B0C55FE347E7 /* Frameworks */ = {
			isa = PBXGroup;
			children = (
				842EF8771E1FB4210079EB2D /* SwiftyJSON.framework */,
				842EF8751E1FB4190079EB2D /* Alamofire.framework */,
				B3C4BBA4EE1C8C6014CD45BD /* Pods_CruzSortMeApp.framework */,
				D8178AB875D723DEE2E6DDB8 /* Pods_CruzSortMeAppTests.framework */,
				4DD60681A14B8F297E6D7C5A /* Pods_CruzSortMeAppUITests.framework */,
			);
			name = Frameworks;
			sourceTree = "<group>";
		};
		842138701E23550700A44646 /* SingltonClass */ = {
			isa = PBXGroup;
			children = (
				8421386E1E234B2C00A44646 /* Config.swift */,
				8421386C1E234AEF00A44646 /* Validator.swift */,
				8421386A1E234ADB00A44646 /* CommonClass.swift */,
			);
			name = SingltonClass;
			sourceTree = "<group>";
		};
		844D90281E14D390002684BA = {
			isa = PBXGroup;
			children = (
				844D90331E14D390002684BA /* CruzSortMeApp */,
				844D904B1E14D391002684BA /* CruzSortMeAppTests */,
				844D90561E14D391002684BA /* CruzSortMeAppUITests */,
				844D90321E14D390002684BA /* Products */,
				E20FE21E105C0764506B9440 /* Pods */,
				4509CB696858B0C55FE347E7 /* Frameworks */,
			);
			sourceTree = "<group>";
		};
		844D90321E14D390002684BA /* Products */ = {
			isa = PBXGroup;
			children = (
				844D90311E14D390002684BA /* CruzSortMeApp.app */,
				844D90481E14D391002684BA /* CruzSortMeAppTests.xctest */,
				844D90531E14D391002684BA /* CruzSortMeAppUITests.xctest */,
			);
			name = Products;
			sourceTree = "<group>";
		};
		844D90331E14D390002684BA /* CruzSortMeApp */ = {
			isa = PBXGroup;
			children = (
				842138701E23550700A44646 /* SingltonClass */,
				84EF9A1A1E1E643E000E33A6 /* LoginAndSignUp */,
				844D90341E14D391002684BA /* AppDelegate.swift */,
				844D90381E14D391002684BA /* Main.storyboard */,
				842138711E23619200A44646 /* krish.png */,
				844D903E1E14D391002684BA /* Assets.xcassets */,
				844D90401E14D391002684BA /* LaunchScreen.storyboard */,
				844D90431E14D391002684BA /* Info.plist */,
				844D903B1E14D391002684BA /* CruzSortMeApp.xcdatamodeld */,
			);
			path = CruzSortMeApp;
			sourceTree = "<group>";
		};
		844D904B1E14D391002684BA /* CruzSortMeAppTests */ = {
			isa = PBXGroup;
			children = (
				844D904C1E14D391002684BA /* CruzSortMeAppTests.swift */,
				844D904E1E14D391002684BA /* Info.plist */,
			);
			path = CruzSortMeAppTests;
			sourceTree = "<group>";
		};
		844D90561E14D391002684BA /* CruzSortMeAppUITests */ = {
			isa = PBXGroup;
			children = (
				844D90571E14D391002684BA /* CruzSortMeAppUITests.swift */,
				844D90591E14D391002684BA /* Info.plist */,
			);
			path = CruzSortMeAppUITests;
			sourceTree = "<group>";
		};
		84EF9A1A1E1E643E000E33A6 /* LoginAndSignUp */ = {
			isa = PBXGroup;
			children = (
				844D90361E14D391002684BA /* ViewController.swift */,
				84EF9A1B1E1E64CD000E33A6 /* ForgetPasswordViewController.swift */,
				842EF8731E1F5D610079EB2D /* SignUpViewController.swift */,
			);
			name = LoginAndSignUp;
			sourceTree = "<group>";
		};
		E20FE21E105C0764506B9440 /* Pods */ = {
			isa = PBXGroup;
			children = (
				E004CC5C9764C5CCB3558FE9 /* Pods-CruzSortMeApp.debug.xcconfig */,
				3F6A47A73BF1E8A92FA8BF5F /* Pods-CruzSortMeApp.release.xcconfig */,
				A225756BD8285E7956009A69 /* Pods-CruzSortMeAppTests.debug.xcconfig */,
				24044ECDF78D80663A24FAEC /* Pods-CruzSortMeAppTests.release.xcconfig */,
				4F13DDE74F1B6A798AF83012 /* Pods-CruzSortMeAppUITests.debug.xcconfig */,
				6CE0EB4EF675A31C9909DBF5 /* Pods-CruzSortMeAppUITests.release.xcconfig */,
			);
			name = Pods;
			sourceTree = "<group>";
		};
/* End PBXGroup section */

/* Begin PBXNativeTarget section */
		844D90301E14D390002684BA /* CruzSortMeApp */ = {
			isa = PBXNativeTarget;
			buildConfigurationList = 844D905C1E14D391002684BA /* Build configuration list for PBXNativeTarget "CruzSortMeApp" */;
			buildPhases = (
				22EDE85508333A2D6F68E728 /* [CP] Check Pods Manifest.lock */,
				844D902D1E14D390002684BA /* Sources */,
				844D902E1E14D390002684BA /* Frameworks */,
				844D902F1E14D390002684BA /* Resources */,
				8197FE401A91B5B5D48F9172 /* [CP] Embed Pods Frameworks */,
				6B456D62A856057B91F05D81 /* [CP] Copy Pods Resources */,
				842EF87B1E1FB4620079EB2D /* Embed Frameworks */,
			);
			buildRules = (
			);
			dependencies = (
			);
			name = CruzSortMeApp;
			productName = CruzSortMeApp;
			productReference = 844D90311E14D390002684BA /* CruzSortMeApp.app */;
			productType = "com.apple.product-type.application";
		};
		844D90471E14D391002684BA /* CruzSortMeAppTests */ = {
			isa = PBXNativeTarget;
			buildConfigurationList = 844D905F1E14D391002684BA /* Build configuration list for PBXNativeTarget "CruzSortMeAppTests" */;
			buildPhases = (
				F3623313FA5CDBFC53205194 /* [CP] Check Pods Manifest.lock */,
				844D90441E14D391002684BA /* Sources */,
				844D90451E14D391002684BA /* Frameworks */,
				844D90461E14D391002684BA /* Resources */,
				46C6FD45D799D15941D61953 /* [CP] Embed Pods Frameworks */,
				9D155C28AABAFC72F11B5188 /* [CP] Copy Pods Resources */,
			);
			buildRules = (
			);
			dependencies = (
				844D904A1E14D391002684BA /* PBXTargetDependency */,
			);
			name = CruzSortMeAppTests;
			productName = CruzSortMeAppTests;
			productReference = 844D90481E14D391002684BA /* CruzSortMeAppTests.xctest */;
			productType = "com.apple.product-type.bundle.unit-test";
		};
		844D90521E14D391002684BA /* CruzSortMeAppUITests */ = {
			isa = PBXNativeTarget;
			buildConfigurationList = 844D90621E14D391002684BA /* Build configuration list for PBXNativeTarget "CruzSortMeAppUITests" */;
			buildPhases = (
				67B777F0D8C6AD56C310AC63 /* [CP] Check Pods Manifest.lock */,
				844D904F1E14D391002684BA /* Sources */,
				844D90501E14D391002684BA /* Frameworks */,
				844D90511E14D391002684BA /* Resources */,
				2574495317DA0F0C177A3829 /* [CP] Embed Pods Frameworks */,
				8601A7C3086BE24943CA6FF8 /* [CP] Copy Pods Resources */,
			);
			buildRules = (
			);
			dependencies = (
				844D90551E14D391002684BA /* PBXTargetDependency */,
			);
			name = CruzSortMeAppUITests;
			productName = CruzSortMeAppUITests;
			productReference = 844D90531E14D391002684BA /* CruzSortMeAppUITests.xctest */;
			productType = "com.apple.product-type.bundle.ui-testing";
		};
/* End PBXNativeTarget section */

/* Begin PBXProject section */
		844D90291E14D390002684BA /* Project object */ = {
			isa = PBXProject;
			attributes = {
				LastSwiftUpdateCheck = 0820;
				LastUpgradeCheck = 0820;
				ORGANIZATIONNAME = "Gopal Gupta";
				TargetAttributes = {
					844D90301E14D390002684BA = {
						CreatedOnToolsVersion = 8.2.1;
						ProvisioningStyle = Automatic;
					};
					844D90471E14D391002684BA = {
						CreatedOnToolsVersion = 8.2.1;
						ProvisioningStyle = Automatic;
						TestTargetID = 844D90301E14D390002684BA;
					};
					844D90521E14D391002684BA = {
						CreatedOnToolsVersion = 8.2.1;
						ProvisioningStyle = Automatic;
						TestTargetID = 844D90301E14D390002684BA;
					};
				};
			};
			buildConfigurationList = 844D902C1E14D390002684BA /* Build configuration list for PBXProject "CruzSortMeApp" */;
			compatibilityVersion = "Xcode 3.2";
			developmentRegion = English;
			hasScannedForEncodings = 0;
			knownRegions = (
				en,
				Base,
			);
			mainGroup = 844D90281E14D390002684BA;
			productRefGroup = 844D90321E14D390002684BA /* Products */;
			projectDirPath = "";
			projectRoot = "";
			targets = (
				844D90301E14D390002684BA /* CruzSortMeApp */,
				844D90471E14D391002684BA /* CruzSortMeAppTests */,
				844D90521E14D391002684BA /* CruzSortMeAppUITests */,
			);
		};
/* End PBXProject section */

/* Begin PBXResourcesBuildPhase section */
		844D902F1E14D390002684BA /* Resources */ = {
			isa = PBXResourcesBuildPhase;
			buildActionMask = 2147483647;
			files = (
				842138721E23619300A44646 /* krish.png in Resources */,
				844D90421E14D391002684BA /* LaunchScreen.storyboard in Resources */,
				844D903F1E14D391002684BA /* Assets.xcassets in Resources */,
				844D903A1E14D391002684BA /* Main.storyboard in Resources */,
			);
			runOnlyForDeploymentPostprocessing = 0;
		};
		844D90461E14D391002684BA /* Resources */ = {
			isa = PBXResourcesBuildPhase;
			buildActionMask = 2147483647;
			files = (
			);
			runOnlyForDeploymentPostprocessing = 0;
		};
		844D90511E14D391002684BA /* Resources */ = {
			isa = PBXResourcesBuildPhase;
			buildActionMask = 2147483647;
			files = (
			);
			runOnlyForDeploymentPostprocessing = 0;
		};
/* End PBXResourcesBuildPhase section */

/* Begin PBXShellScriptBuildPhase section */
		22EDE85508333A2D6F68E728 /* [CP] Check Pods Manifest.lock */ = {
			isa = PBXShellScriptBuildPhase;
			buildActionMask = 2147483647;
			files = (
			);
			inputPaths = (
			);
			name = "[CP] Check Pods Manifest.lock";
			outputPaths = (
			);
			runOnlyForDeploymentPostprocessing = 0;
			shellPath = /bin/sh;
			shellScript = "diff \"${PODS_ROOT}/../Podfile.lock\" \"${PODS_ROOT}/Manifest.lock\" > /dev/null\nif [ $? != 0 ] ; then\n    # print error to STDERR\n    echo \"error: The sandbox is not in sync with the Podfile.lock. Run 'pod install' or update your CocoaPods installation.\" >&2\n    exit 1\nfi\n";
			showEnvVarsInLog = 0;
		};
		2574495317DA0F0C177A3829 /* [CP] Embed Pods Frameworks */ = {
			isa = PBXShellScriptBuildPhase;
			buildActionMask = 2147483647;
			files = (
			);
			inputPaths = (
			);
			name = "[CP] Embed Pods Frameworks";
			outputPaths = (
			);
			runOnlyForDeploymentPostprocessing = 0;
			shellPath = /bin/sh;
			shellScript = "\"${SRCROOT}/Pods/Target Support Files/Pods-CruzSortMeAppUITests/Pods-CruzSortMeAppUITests-frameworks.sh\"\n";
			showEnvVarsInLog = 0;
		};
		46C6FD45D799D15941D61953 /* [CP] Embed Pods Frameworks */ = {
			isa = PBXShellScriptBuildPhase;
			buildActionMask = 2147483647;
			files = (
			);
			inputPaths = (
			);
			name = "[CP] Embed Pods Frameworks";
			outputPaths = (
			);
			runOnlyForDeploymentPostprocessing = 0;
			shellPath = /bin/sh;
			shellScript = "\"${SRCROOT}/Pods/Target Support Files/Pods-CruzSortMeAppTests/Pods-CruzSortMeAppTests-frameworks.sh\"\n";
			showEnvVarsInLog = 0;
		};
		67B777F0D8C6AD56C310AC63 /* [CP] Check Pods Manifest.lock */ = {
			isa = PBXShellScriptBuildPhase;
			buildActionMask = 2147483647;
			files = (
			);
			inputPaths = (
			);
			name = "[CP] Check Pods Manifest.lock";
			outputPaths = (
			);
			runOnlyForDeploymentPostprocessing = 0;
			shellPath = /bin/sh;
			shellScript = "diff \"${PODS_ROOT}/../Podfile.lock\" \"${PODS_ROOT}/Manifest.lock\" > /dev/null\nif [ $? != 0 ] ; then\n    # print error to STDERR\n    echo \"error: The sandbox is not in sync with the Podfile.lock. Run 'pod install' or update your CocoaPods installation.\" >&2\n    exit 1\nfi\n";
			showEnvVarsInLog = 0;
		};
		6B456D62A856057B91F05D81 /* [CP] Copy Pods Resources */ = {
			isa = PBXShellScriptBuildPhase;
			buildActionMask = 2147483647;
			files = (
			);
			inputPaths = (
			);
			name = "[CP] Copy Pods Resources";
			outputPaths = (
			);
			runOnlyForDeploymentPostprocessing = 0;
			shellPath = /bin/sh;
			shellScript = "\"${SRCROOT}/Pods/Target Support Files/Pods-CruzSortMeApp/Pods-CruzSortMeApp-resources.sh\"\n";
			showEnvVarsInLog = 0;
		};
		8197FE401A91B5B5D48F9172 /* [CP] Embed Pods Frameworks */ = {
			isa = PBXShellScriptBuildPhase;
			buildActionMask = 2147483647;
			files = (
			);
			inputPaths = (
			);
			name = "[CP] Embed Pods Frameworks";
			outputPaths = (
			);
			runOnlyForDeploymentPostprocessing = 0;
			shellPath = /bin/sh;
			shellScript = "\"${SRCROOT}/Pods/Target Support Files/Pods-CruzSortMeApp/Pods-CruzSortMeApp-frameworks.sh\"\n";
			showEnvVarsInLog = 0;
		};
		8601A7C3086BE24943CA6FF8 /* [CP] Copy Pods Resources */ = {
			isa = PBXShellScriptBuildPhase;
			buildActionMask = 2147483647;
			files = (
			);
			inputPaths = (
			);
			name = "[CP] Copy Pods Resources";
			outputPaths = (
			);
			runOnlyForDeploymentPostprocessing = 0;
			shellPath = /bin/sh;
			shellScript = "\"${SRCROOT}/Pods/Target Support Files/Pods-CruzSortMeAppUITests/Pods-CruzSortMeAppUITests-resources.sh\"\n";
			showEnvVarsInLog = 0;
		};
		9D155C28AABAFC72F11B5188 /* [CP] Copy Pods Resources */ = {
			isa = PBXShellScriptBuildPhase;
			buildActionMask = 2147483647;
			files = (
			);
			inputPaths = (
			);
			name = "[CP] Copy Pods Resources";
			outputPaths = (
			);
			runOnlyForDeploymentPostprocessing = 0;
			shellPath = /bin/sh;
			shellScript = "\"${SRCROOT}/Pods/Target Support Files/Pods-CruzSortMeAppTests/Pods-CruzSortMeAppTests-resources.sh\"\n";
			showEnvVarsInLog = 0;
		};
		F3623313FA5CDBFC53205194 /* [CP] Check Pods Manifest.lock */ = {
			isa = PBXShellScriptBuildPhase;
			buildActionMask = 2147483647;
			files = (
			);
			inputPaths = (
			);
			name = "[CP] Check Pods Manifest.lock";
			outputPaths = (
			);
			runOnlyForDeploymentPostprocessing = 0;
			shellPath = /bin/sh;
			shellScript = "diff \"${PODS_ROOT}/../Podfile.lock\" \"${PODS_ROOT}/Manifest.lock\" > /dev/null\nif [ $? != 0 ] ; then\n    # print error to STDERR\n    echo \"error: The sandbox is not in sync with the Podfile.lock. Run 'pod install' or update your CocoaPods installation.\" >&2\n    exit 1\nfi\n";
			showEnvVarsInLog = 0;
		};
/* End PBXShellScriptBuildPhase section */

/* Begin PBXSourcesBuildPhase section */
		844D902D1E14D390002684BA /* Sources */ = {
			isa = PBXSourcesBuildPhase;
			buildActionMask = 2147483647;
			files = (
				844D90371E14D391002684BA /* ViewController.swift in Sources */,
				844D90351E14D391002684BA /* AppDelegate.swift in Sources */,
				84EF9A1C1E1E64CD000E33A6 /* ForgetPasswordViewController.swift in Sources */,
				844D903D1E14D391002684BA /* CruzSortMeApp.xcdatamodeld in Sources */,
				8421386D1E234AEF00A44646 /* Validator.swift in Sources */,
				8421386F1E234B2C00A44646 /* Config.swift in Sources */,
				842EF8741E1F5D610079EB2D /* SignUpViewController.swift in Sources */,
				8421386B1E234ADB00A44646 /* CommonClass.swift in Sources */,
			);
			runOnlyForDeploymentPostprocessing = 0;
		};
		844D90441E14D391002684BA /* Sources */ = {
			isa = PBXSourcesBuildPhase;
			buildActionMask = 2147483647;
			files = (
				844D904D1E14D391002684BA /* CruzSortMeAppTests.swift in Sources */,
			);
			runOnlyForDeploymentPostprocessing = 0;
		};
		844D904F1E14D391002684BA /* Sources */ = {
			isa = PBXSourcesBuildPhase;
			buildActionMask = 2147483647;
			files = (
				844D90581E14D391002684BA /* CruzSortMeAppUITests.swift in Sources */,
			);
			runOnlyForDeploymentPostprocessing = 0;
		};
/* End PBXSourcesBuildPhase section */

/* Begin PBXTargetDependency section */
		844D904A1E14D391002684BA /* PBXTargetDependency */ = {
			isa = PBXTargetDependency;
			target = 844D90301E14D390002684BA /* CruzSortMeApp */;
			targetProxy = 844D90491E14D391002684BA /* PBXContainerItemProxy */;
		};
		844D90551E14D391002684BA /* PBXTargetDependency */ = {
			isa = PBXTargetDependency;
			target = 844D90301E14D390002684BA /* CruzSortMeApp */;
			targetProxy = 844D90541E14D391002684BA /* PBXContainerItemProxy */;
		};
/* End PBXTargetDependency section */

/* Begin PBXVariantGroup section */
		844D90381E14D391002684BA /* Main.storyboard */ = {
			isa = PBXVariantGroup;
			children = (
				844D90391E14D391002684BA /* Base */,
			);
			name = Main.storyboard;
			sourceTree = "<group>";
		};
		844D90401E14D391002684BA /* LaunchScreen.storyboard */ = {
			isa = PBXVariantGroup;
			children = (
				844D90411E14D391002684BA /* Base */,
			);
			name = LaunchScreen.storyboard;
			sourceTree = "<group>";
		};
/* End PBXVariantGroup section */

/* Begin XCBuildConfiguration section */
		844D905A1E14D391002684BA /* Debug */ = {
			isa = XCBuildConfiguration;
			buildSettings = {
				ALWAYS_SEARCH_USER_PATHS = NO;
				CLANG_ANALYZER_NONNULL = YES;
				CLANG_CXX_LANGUAGE_STANDARD = "gnu++0x";
				CLANG_CXX_LIBRARY = "libc++";
				CLANG_ENABLE_MODULES = YES;
				CLANG_ENABLE_OBJC_ARC = YES;
				CLANG_WARN_BOOL_CONVERSION = YES;
				CLANG_WARN_CONSTANT_CONVERSION = YES;
				CLANG_WARN_DIRECT_OBJC_ISA_USAGE = YES_ERROR;
				CLANG_WARN_DOCUMENTATION_COMMENTS = YES;
				CLANG_WARN_EMPTY_BODY = YES;
				CLANG_WARN_ENUM_CONVERSION = YES;
				CLANG_WARN_INFINITE_RECURSION = YES;
				CLANG_WARN_INT_CONVERSION = YES;
				CLANG_WARN_OBJC_ROOT_CLASS = YES_ERROR;
				CLANG_WARN_SUSPICIOUS_MOVE = YES;
				CLANG_WARN_UNREACHABLE_CODE = YES;
				CLANG_WARN__DUPLICATE_METHOD_MATCH = YES;
				"CODE_SIGN_IDENTITY[sdk=iphoneos*]" = "iPhone Developer";
				COPY_PHASE_STRIP = NO;
				DEBUG_INFORMATION_FORMAT = dwarf;
				ENABLE_STRICT_OBJC_MSGSEND = YES;
				ENABLE_TESTABILITY = YES;
				GCC_C_LANGUAGE_STANDARD = gnu99;
				GCC_DYNAMIC_NO_PIC = NO;
				GCC_NO_COMMON_BLOCKS = YES;
				GCC_OPTIMIZATION_LEVEL = 0;
				GCC_PREPROCESSOR_DEFINITIONS = (
					"DEBUG=1",
					"$(inherited)",
				);
				GCC_WARN_64_TO_32_BIT_CONVERSION = YES;
				GCC_WARN_ABOUT_RETURN_TYPE = YES_ERROR;
				GCC_WARN_UNDECLARED_SELECTOR = YES;
				GCC_WARN_UNINITIALIZED_AUTOS = YES_AGGRESSIVE;
				GCC_WARN_UNUSED_FUNCTION = YES;
				GCC_WARN_UNUSED_VARIABLE = YES;
				IPHONEOS_DEPLOYMENT_TARGET = 10.2;
				MTL_ENABLE_DEBUG_INFO = YES;
				ONLY_ACTIVE_ARCH = YES;
				SDKROOT = iphoneos;
				SWIFT_ACTIVE_COMPILATION_CONDITIONS = DEBUG;
				SWIFT_OPTIMIZATION_LEVEL = "-Onone";
			};
			name = Debug;
		};
		844D905B1E14D391002684BA /* Release */ = {
			isa = XCBuildConfiguration;
			buildSettings = {
				ALWAYS_SEARCH_USER_PATHS = NO;
				CLANG_ANALYZER_NONNULL = YES;
				CLANG_CXX_LANGUAGE_STANDARD = "gnu++0x";
				CLANG_CXX_LIBRARY = "libc++";
				CLANG_ENABLE_MODULES = YES;
				CLANG_ENABLE_OBJC_ARC = YES;
				CLANG_WARN_BOOL_CONVERSION = YES;
				CLANG_WARN_CONSTANT_CONVERSION = YES;
				CLANG_WARN_DIRECT_OBJC_ISA_USAGE = YES_ERROR;
				CLANG_WARN_DOCUMENTATION_COMMENTS = YES;
				CLANG_WARN_EMPTY_BODY = YES;
				CLANG_WARN_ENUM_CONVERSION = YES;
				CLANG_WARN_INFINITE_RECURSION = YES;
				CLANG_WARN_INT_CONVERSION = YES;
				CLANG_WARN_OBJC_ROOT_CLASS = YES_ERROR;
				CLANG_WARN_SUSPICIOUS_MOVE = YES;
				CLANG_WARN_UNREACHABLE_CODE = YES;
				CLANG_WARN__DUPLICATE_METHOD_MATCH = YES;
				"CODE_SIGN_IDENTITY[sdk=iphoneos*]" = "iPhone Developer";
				COPY_PHASE_STRIP = NO;
				DEBUG_INFORMATION_FORMAT = "dwarf-with-dsym";
				ENABLE_NS_ASSERTIONS = NO;
				ENABLE_STRICT_OBJC_MSGSEND = YES;
				GCC_C_LANGUAGE_STANDARD = gnu99;
				GCC_NO_COMMON_BLOCKS = YES;
				GCC_WARN_64_TO_32_BIT_CONVERSION = YES;
				GCC_WARN_ABOUT_RETURN_TYPE = YES_ERROR;
				GCC_WARN_UNDECLARED_SELECTOR = YES;
				GCC_WARN_UNINITIALIZED_AUTOS = YES_AGGRESSIVE;
				GCC_WARN_UNUSED_FUNCTION = YES;
				GCC_WARN_UNUSED_VARIABLE = YES;
				IPHONEOS_DEPLOYMENT_TARGET = 10.2;
				MTL_ENABLE_DEBUG_INFO = NO;
				SDKROOT = iphoneos;
				SWIFT_OPTIMIZATION_LEVEL = "-Owholemodule";
				VALIDATE_PRODUCT = YES;
			};
			name = Release;
		};
		844D905D1E14D391002684BA /* Debug */ = {
			isa = XCBuildConfiguration;
			baseConfigurationReference = E004CC5C9764C5CCB3558FE9 /* Pods-CruzSortMeApp.debug.xcconfig */;
			buildSettings = {
				ALWAYS_EMBED_SWIFT_STANDARD_LIBRARIES = YES;
				ASSETCATALOG_COMPILER_APPICON_NAME = AppIcon;
				ASSETCATALOG_COMPILER_LAUNCHIMAGE_NAME = LaunchImage;
				INFOPLIST_FILE = CruzSortMeApp/Info.plist;
				IPHONEOS_DEPLOYMENT_TARGET = 9.3;
				LD_RUNPATH_SEARCH_PATHS = "$(inherited) @executable_path/Frameworks";
				PRODUCT_BUNDLE_IDENTIFIER = com.media.mosaic.CruzSortMeApp;
				PRODUCT_NAME = "$(TARGET_NAME)";
				SWIFT_VERSION = 3.0;
			};
			name = Debug;
		};
		844D905E1E14D391002684BA /* Release */ = {
			isa = XCBuildConfiguration;
			baseConfigurationReference = 3F6A47A73BF1E8A92FA8BF5F /* Pods-CruzSortMeApp.release.xcconfig */;
			buildSettings = {
				ALWAYS_EMBED_SWIFT_STANDARD_LIBRARIES = YES;
				ASSETCATALOG_COMPILER_APPICON_NAME = AppIcon;
				ASSETCATALOG_COMPILER_LAUNCHIMAGE_NAME = LaunchImage;
				INFOPLIST_FILE = CruzSortMeApp/Info.plist;
				IPHONEOS_DEPLOYMENT_TARGET = 9.3;
				LD_RUNPATH_SEARCH_PATHS = "$(inherited) @executable_path/Frameworks";
				PRODUCT_BUNDLE_IDENTIFIER = com.media.mosaic.CruzSortMeApp;
				PRODUCT_NAME = "$(TARGET_NAME)";
				SWIFT_VERSION = 3.0;
			};
			name = Release;
		};
		844D90601E14D391002684BA /* Debug */ = {
			isa = XCBuildConfiguration;
			baseConfigurationReference = A225756BD8285E7956009A69 /* Pods-CruzSortMeAppTests.debug.xcconfig */;
			buildSettings = {
				ALWAYS_EMBED_SWIFT_STANDARD_LIBRARIES = YES;
				BUNDLE_LOADER = "$(TEST_HOST)";
				INFOPLIST_FILE = CruzSortMeAppTests/Info.plist;
				LD_RUNPATH_SEARCH_PATHS = "$(inherited) @executable_path/Frameworks @loader_path/Frameworks";
				PRODUCT_BUNDLE_IDENTIFIER = com.media.mosaic.CruzSortMeAppTests;
				PRODUCT_NAME = "$(TARGET_NAME)";
				SWIFT_VERSION = 3.0;
				TEST_HOST = "$(BUILT_PRODUCTS_DIR)/CruzSortMeApp.app/CruzSortMeApp";
			};
			name = Debug;
		};
		844D90611E14D391002684BA /* Release */ = {
			isa = XCBuildConfiguration;
			baseConfigurationReference = 24044ECDF78D80663A24FAEC /* Pods-CruzSortMeAppTests.release.xcconfig */;
			buildSettings = {
				ALWAYS_EMBED_SWIFT_STANDARD_LIBRARIES = YES;
				BUNDLE_LOADER = "$(TEST_HOST)";
				INFOPLIST_FILE = CruzSortMeAppTests/Info.plist;
				LD_RUNPATH_SEARCH_PATHS = "$(inherited) @executable_path/Frameworks @loader_path/Frameworks";
				PRODUCT_BUNDLE_IDENTIFIER = com.media.mosaic.CruzSortMeAppTests;
				PRODUCT_NAME = "$(TARGET_NAME)";
				SWIFT_VERSION = 3.0;
				TEST_HOST = "$(BUILT_PRODUCTS_DIR)/CruzSortMeApp.app/CruzSortMeApp";
			};
			name = Release;
		};
		844D90631E14D391002684BA /* Debug */ = {
			isa = XCBuildConfiguration;
			baseConfigurationReference = 4F13DDE74F1B6A798AF83012 /* Pods-CruzSortMeAppUITests.debug.xcconfig */;
			buildSettings = {
				ALWAYS_EMBED_SWIFT_STANDARD_LIBRARIES = YES;
				INFOPLIST_FILE = CruzSortMeAppUITests/Info.plist;
				LD_RUNPATH_SEARCH_PATHS = "$(inherited) @executable_path/Frameworks @loader_path/Frameworks";
				PRODUCT_BUNDLE_IDENTIFIER = com.media.mosaic.CruzSortMeAppUITests;
				PRODUCT_NAME = "$(TARGET_NAME)";
				SWIFT_VERSION = 3.0;
				TEST_TARGET_NAME = CruzSortMeApp;
			};
			name = Debug;
		};
		844D90641E14D391002684BA /* Release */ = {
			isa = XCBuildConfiguration;
			baseConfigurationReference = 6CE0EB4EF675A31C9909DBF5 /* Pods-CruzSortMeAppUITests.release.xcconfig */;
			buildSettings = {
				ALWAYS_EMBED_SWIFT_STANDARD_LIBRARIES = YES;
				INFOPLIST_FILE = CruzSortMeAppUITests/Info.plist;
				LD_RUNPATH_SEARCH_PATHS = "$(inherited) @executable_path/Frameworks @loader_path/Frameworks";
				PRODUCT_BUNDLE_IDENTIFIER = com.media.mosaic.CruzSortMeAppUITests;
				PRODUCT_NAME = "$(TARGET_NAME)";
				SWIFT_VERSION = 3.0;
				TEST_TARGET_NAME = CruzSortMeApp;
			};
			name = Release;
		};
/* End XCBuildConfiguration section */

/* Begin XCConfigurationList section */
		844D902C1E14D390002684BA /* Build configuration list for PBXProject "CruzSortMeApp" */ = {
			isa = XCConfigurationList;
			buildConfigurations = (
				844D905A1E14D391002684BA /* Debug */,
				844D905B1E14D391002684BA /* Release */,
			);
			defaultConfigurationIsVisible = 0;
			defaultConfigurationName = Release;
		};
		844D905C1E14D391002684BA /* Build configuration list for PBXNativeTarget "CruzSortMeApp" */ = {
			isa = XCConfigurationList;
			buildConfigurations = (
				844D905D1E14D391002684BA /* Debug */,
				844D905E1E14D391002684BA /* Release */,
			);
			defaultConfigurationIsVisible = 0;
			defaultConfigurationName = Release;
		};
		844D905F1E14D391002684BA /* Build configuration list for PBXNativeTarget "CruzSortMeAppTests" */ = {
			isa = XCConfigurationList;
			buildConfigurations = (
				844D90601E14D391002684BA /* Debug */,
				844D90611E14D391002684BA /* Release */,
			);
			defaultConfigurationIsVisible = 0;
			defaultConfigurationName = Release;
		};
		844D90621E14D391002684BA /* Build configuration list for PBXNativeTarget "CruzSortMeAppUITests" */ = {
			isa = XCConfigurationList;
			buildConfigurations = (
				844D90631E14D391002684BA /* Debug */,
				844D90641E14D391002684BA /* Release */,
			);
			defaultConfigurationIsVisible = 0;
			defaultConfigurationName = Release;
		};
/* End XCConfigurationList section */

/* Begin XCVersionGroup section */
		844D903B1E14D391002684BA /* CruzSortMeApp.xcdatamodeld */ = {
			isa = XCVersionGroup;
			children = (
				844D903C1E14D391002684BA /* CruzSortMeApp.xcdatamodel */,
			);
			currentVersion = 844D903C1E14D391002684BA /* CruzSortMeApp.xcdatamodel */;
			path = CruzSortMeApp.xcdatamodeld;
			sourceTree = "<group>";
			versionGroupType = wrapper.xcdatamodel;
		};
/* End XCVersionGroup section */
	};
	rootObject = 844D90291E14D390002684BA /* Project object */;
}
